
Microsoft Visual Studio Solution File, Format Version 12.00
# Visual Studio Version 17
VisualStudioVersion = 17.2.32526.322
MinimumVisualStudioVersion = 10.0.40219.1
Project("{9A19103F-16F7-4668-BE54-9A1E7A4F7556}") = "BlazorEcommerce.Server", "BlazorEcommerce\Server\BlazorEcommerce.Server.csproj", "{403F83EC-E473-4167-8AB3-5016E174A8A5}"
EndProject
Project("{9A19103F-16F7-4668-BE54-9A1E7A4F7556}") = "BlazorEcommerce.Client", "BlazorEcommerce\Client\BlazorEcommerce.Client.csproj", "{D54949BD-BBF5-4B54-8201-218506B8FF38}"
EndProject
Project("{9A19103F-16F7-4668-BE54-9A1E7A4F7556}") = "BlazorEcommerce.Shared", "BlazorEcommerce\Shared\BlazorEcommerce.Shared.csproj", "{971478A7-26F4-446F-96AD-C5F860D9EBC6}"
EndProject
Global
	GlobalSection(SolutionConfigurationPlatforms) = preSolution
		Debug|Any CPU = Debug|Any CPU
		Release|Any CPU = Release|Any CPU
	EndGlobalSection
	GlobalSection(ProjectConfigurationPlatforms) = postSolution
		{403F83EC-E473-4167-8AB3-5016E174A8A5}.Debug|Any CPU.ActiveCfg = Debug|Any CPU
		{403F83EC-E473-4167-8AB3-5016E174A8A5}.Debug|Any CPU.Build.0 = Debug|Any CPU
		{403F83EC-E473-4167-8AB3-5016E174A8A5}.Release|Any CPU.ActiveCfg = Release|Any CPU
		{403F83EC-E473-4167-8AB3-5016E174A8A5}.Release|Any CPU.Build.0 = Release|Any CPU
		{D54949BD-BBF5-4B54-8201-218506B8FF38}.Debug|Any CPU.ActiveCfg = Debug|Any CPU
		{D54949BD-BBF5-4B54-8201-218506B8FF38}.Debug|Any CPU.Build.0 = Debug|Any CPU
		{D54949BD-BBF5-4B54-8201-218506B8FF38}.Release|Any CPU.ActiveCfg = Release|Any CPU
		{D54949BD-BBF5-4B54-8201-218506B8FF38}.Release|Any CPU.Build.0 = Release|Any CPU
		{971478A7-26F4-446F-96AD-C5F860D9EBC6}.Debug|Any CPU.ActiveCfg = Debug|Any CPU
		{971478A7-26F4-446F-96AD-C5F860D9EBC6}.Debug|Any CPU.Build.0 = Debug|Any CPU
		{971478A7-26F4-446F-96AD-C5F860D9EBC6}.Release|Any CPU.ActiveCfg = Release|Any CPU
		{971478A7-26F4-446F-96AD-C5F860D9EBC6}.Release|Any CPU.Build.0 = Release|Any CPU
	EndGlobalSection
	GlobalSection(SolutionProperties) = preSolution
		HideSolutionNode = FALSE
	EndGlobalSection
	GlobalSection(ExtensibilityGlobals) = postSolution
		SolutionGuid = {D4E525E0-EE88-41FC-83C4-E7D878E96A7C}
	EndGlobalSection
EndGlobal
